
Microsoft Visual Studio Solution File, Format Version 12.00
# Visual Studio Version 17
VisualStudioVersion = 17.0.31912.275
MinimumVisualStudioVersion = 10.0.40219.1
Project("{9A19103F-16F7-4668-BE54-9A1E7A4F7556}") = "phones_book", "phones_book\phones_book.csproj", "{58FFBA65-6064-41C2-AFF7-C28FAF9D237C}"
EndProject
Global
	GlobalSection(SolutionConfigurationPlatforms) = preSolution
		Debug|Any CPU = Debug|Any CPU
		Release|Any CPU = Release|Any CPU
	EndGlobalSection
	GlobalSection(ProjectConfigurationPlatforms) = postSolution
		{58FFBA65-6064-41C2-AFF7-C28FAF9D237C}.Debug|Any CPU.ActiveCfg = Debug|Any CPU
		{58FFBA65-6064-41C2-AFF7-C28FAF9D237C}.Debug|Any CPU.Build.0 = Debug|Any CPU
		{58FFBA65-6064-41C2-AFF7-C28FAF9D237C}.Release|Any CPU.ActiveCfg = Release|Any CPU
		{58FFBA65-6064-41C2-AFF7-C28FAF9D237C}.Release|Any CPU.Build.0 = Release|Any CPU
	EndGlobalSection
	GlobalSection(SolutionProperties) = preSolution
		HideSolutionNode = FALSE
	EndGlobalSection
	GlobalSection(ExtensibilityGlobals) = postSolution
		SolutionGuid = {28136EE9-9760-4B50-B549-CC01E5B8ECE0}
	EndGlobalSection
EndGlobal
